{
  "name": "learn-ts",
  "version": "1.0.0",
  "lockfileVersion": 1,
  "requires": true,
  "dependencies": {
    "core-js": {
      "version": "3.1.4",
      "resolved": "https://registry.npm.taobao.org/core-js/download/core-js-3.1.4.tgz?cache=0&sync_timestamp=1560599811627&other_urls=https%3A%2F%2Fregistry.npm.taobao.org%2Fcore-js%2Fdownload%2Fcore-js-3.1.4.tgz",
      "integrity": "sha1-Oig3/EjlguGuJZB6/NbPA7DMegc=",
      "dev": true
    },
    "prettier": {
      "version": "1.18.2",
      "resolved": "https://registry.npm.taobao.org/prettier/download/prettier-1.18.2.tgz",
      "integrity": "sha1-aCPnxZAAF7S9Os9G/prEtNe9qeo=",
      "dev": true
    },
    "reflect-metadata": {
      "version": "0.1.13",
      "resolved": "https://registry.npm.taobao.org/reflect-metadata/download/reflect-metadata-0.1.13.tgz",
      "integrity": "sha1-Z648pXyXKiqhZCsQ/jY/4y1J3Ag="
    },
    "typescript": {
      "version": "3.5.3",
      "resolved": "https://registry.npm.taobao.org/typescript/download/typescript-3.5.3.tgz",
      "integrity": "sha1-yDD2V/k/HqhGgZ6SkJL1/lmD6Xc=",
      "dev": true
    }
  }
}
